
Microsoft Visual Studio Solution File, Format Version 12.00
# Visual Studio Version 17
VisualStudioVersion = 17.10.34607.79
MinimumVisualStudioVersion = 10.0.40219.1
Project("{9A19103F-16F7-4668-BE54-9A1E7A4F7556}") = "Amazon.GenAI", "Amazon.GenAI\Amazon.GenAI.csproj", "{0456AADF-DDC6-4069-8C91-B1347C02F25B}"
EndProject
Global
	GlobalSection(SolutionConfigurationPlatforms) = preSolution
		Debug|Any CPU = Debug|Any CPU
		Release|Any CPU = Release|Any CPU
	EndGlobalSection
	GlobalSection(ProjectConfigurationPlatforms) = postSolution
		{0456AADF-DDC6-4069-8C91-B1347C02F25B}.Debug|Any CPU.ActiveCfg = Debug|Any CPU
		{0456AADF-DDC6-4069-8C91-B1347C02F25B}.Debug|Any CPU.Build.0 = Debug|Any CPU
		{0456AADF-DDC6-4069-8C91-B1347C02F25B}.Release|Any CPU.ActiveCfg = Release|Any CPU
		{0456AADF-DDC6-4069-8C91-B1347C02F25B}.Release|Any CPU.Build.0 = Release|Any CPU
		{F9DD70C3-5C87-4B31-BA95-9D54CCC4C9C8}.Debug|Any CPU.ActiveCfg = Debug|Any CPU
		{F9DD70C3-5C87-4B31-BA95-9D54CCC4C9C8}.Debug|Any CPU.Build.0 = Debug|Any CPU
		{F9DD70C3-5C87-4B31-BA95-9D54CCC4C9C8}.Release|Any CPU.ActiveCfg = Release|Any CPU
		{F9DD70C3-5C87-4B31-BA95-9D54CCC4C9C8}.Release|Any CPU.Build.0 = Release|Any CPU
	EndGlobalSection
	GlobalSection(SolutionProperties) = preSolution
		HideSolutionNode = FALSE
	EndGlobalSection
	GlobalSection(ExtensibilityGlobals) = postSolution
		SolutionGuid = {CB299A68-9F51-429B-BAC0-B7E1A7A9786A}
	EndGlobalSection
EndGlobal
